// !$*UTF8*$!
{
	archiveVersion = 1;
	classes = {
	};
	objectVersion = 46;
	objects = {

/* Begin PBXBuildFile section */
		1410F3D01EE9EF8600F37AC8 /* JSONHandler.swift in Sources */ = {isa = PBXBuildFile; fileRef = 1410F3BA1EE9EF8600F37AC8 /* JSONHandler.swift */; };
		1410F3D11EE9EF8600F37AC8 /* RequestController.swift in Sources */ = {isa = PBXBuildFile; fileRef = 1410F3BB1EE9EF8600F37AC8 /* RequestController.swift */; };
		1410F3D21EE9EF8600F37AC8 /* URLConstructor.swift in Sources */ = {isa = PBXBuildFile; fileRef = 1410F3BC1EE9EF8600F37AC8 /* URLConstructor.swift */; };
		1410F3D31EE9EF8600F37AC8 /* WebServiceController.h in Headers */ = {isa = PBXBuildFile; fileRef = 1410F3BD1EE9EF8600F37AC8 /* WebServiceController.h */; settings = {ATTRIBUTES = (Public, ); }; };
		1410F3D41EE9EF8600F37AC8 /* WebServiceController.swift in Sources */ = {isa = PBXBuildFile; fileRef = 1410F3BE1EE9EF8600F37AC8 /* WebServiceController.swift */; };
		1410F3D51EE9EF8600F37AC8 /* WebServiceError.swift in Sources */ = {isa = PBXBuildFile; fileRef = 1410F3BF1EE9EF8600F37AC8 /* WebServiceError.swift */; };
		1410F3E21EE9EF8D00F37AC8 /* MockJSONHandler.swift in Sources */ = {isa = PBXBuildFile; fileRef = 1410F3C31EE9EF8600F37AC8 /* MockJSONHandler.swift */; };
		1410F3E31EE9EF8D00F37AC8 /* MockJSONSerialization.swift in Sources */ = {isa = PBXBuildFile; fileRef = 1410F3C41EE9EF8600F37AC8 /* MockJSONSerialization.swift */; };
		1410F3E41EE9EF8D00F37AC8 /* MockRequester.swift in Sources */ = {isa = PBXBuildFile; fileRef = 1410F3C51EE9EF8600F37AC8 /* MockRequester.swift */; };
		1410F3E51EE9EF8D00F37AC8 /* MockSession.swift in Sources */ = {isa = PBXBuildFile; fileRef = 1410F3C61EE9EF8600F37AC8 /* MockSession.swift */; };
		1410F3E61EE9EF8D00F37AC8 /* MockURLConstructor.swift in Sources */ = {isa = PBXBuildFile; fileRef = 1410F3C71EE9EF8600F37AC8 /* MockURLConstructor.swift */; };
		1410F3E71EE9EF8D00F37AC8 /* testimage.png in Resources */ = {isa = PBXBuildFile; fileRef = 1410F3C81EE9EF8600F37AC8 /* testimage.png */; };
		1410F3E81EE9EF9300F37AC8 /* JSONHandlerSpec.swift in Sources */ = {isa = PBXBuildFile; fileRef = 1410F3CA1EE9EF8600F37AC8 /* JSONHandlerSpec.swift */; };
		1410F3E91EE9EF9300F37AC8 /* RequestControllerSpec.swift in Sources */ = {isa = PBXBuildFile; fileRef = 1410F3CB1EE9EF8600F37AC8 /* RequestControllerSpec.swift */; };
		1410F3EA1EE9EF9300F37AC8 /* URLConstructorSpec.swift in Sources */ = {isa = PBXBuildFile; fileRef = 1410F3CC1EE9EF8600F37AC8 /* URLConstructorSpec.swift */; };
		1410F3EB1EE9EF9300F37AC8 /* WebServiceControllerSpec.swift in Sources */ = {isa = PBXBuildFile; fileRef = 1410F3CD1EE9EF8600F37AC8 /* WebServiceControllerSpec.swift */; };
		1410F3EC1EE9EF9300F37AC8 /* WebServiceErrorSpec.swift in Sources */ = {isa = PBXBuildFile; fileRef = 1410F3CE1EE9EF8600F37AC8 /* WebServiceErrorSpec.swift */; };
		142EDA651EFD8F1300585859 /* RequestConfiguration.swift in Sources */ = {isa = PBXBuildFile; fileRef = 142EDA641EFD8F1300585859 /* RequestConfiguration.swift */; };
		142EDA691EFDCCAE00585859 /* Dictionary.swift in Sources */ = {isa = PBXBuildFile; fileRef = 142EDA681EFDCCAE00585859 /* Dictionary.swift */; };
		142EDA6B1EFDCD9400585859 /* Dictionary.swift in Sources */ = {isa = PBXBuildFile; fileRef = 142EDA6A1EFDCD9400585859 /* Dictionary.swift */; };
		147FBB351EE6482000D2441D /* SKWebServiceController.framework in Frameworks */ = {isa = PBXBuildFile; fileRef = 147FBB2B1EE6482000D2441D /* SKWebServiceController.framework */; };
		169AAD7EA4581B72CCE53CC2 /* Pods_SKWebServiceController.framework in Frameworks */ = {isa = PBXBuildFile; fileRef = 2D726AC5538B76873923D2DB /* Pods_SKWebServiceController.framework */; };
		B14C656EB21170FA611441D6 /* Pods_SKWebServiceControllerTests.framework in Frameworks */ = {isa = PBXBuildFile; fileRef = 2532553274957FA118AFD4C6 /* Pods_SKWebServiceControllerTests.framework */; };
/* End PBXBuildFile section */

/* Begin PBXContainerItemProxy section */
		147FBB361EE6482000D2441D /* PBXContainerItemProxy */ = {
			isa = PBXContainerItemProxy;
			containerPortal = 147FBB221EE6482000D2441D /* Project object */;
			proxyType = 1;
			remoteGlobalIDString = 147FBB2A1EE6482000D2441D;
			remoteInfo = WebServiceController;
		};
/* End PBXContainerItemProxy section */

/* Begin PBXFileReference section */
		1410F3B91EE9EF8600F37AC8 /* Info.plist */ = {isa = PBXFileReference; fileEncoding = 4; lastKnownFileType = text.plist.xml; path = Info.plist; sourceTree = "<group>"; };
		1410F3BA1EE9EF8600F37AC8 /* JSONHandler.swift */ = {isa = PBXFileReference; fileEncoding = 4; lastKnownFileType = sourcecode.swift; path = JSONHandler.swift; sourceTree = "<group>"; };
		1410F3BB1EE9EF8600F37AC8 /* RequestController.swift */ = {isa = PBXFileReference; fileEncoding = 4; lastKnownFileType = sourcecode.swift; path = RequestController.swift; sourceTree = "<group>"; };
		1410F3BC1EE9EF8600F37AC8 /* URLConstructor.swift */ = {isa = PBXFileReference; fileEncoding = 4; lastKnownFileType = sourcecode.swift; path = URLConstructor.swift; sourceTree = "<group>"; };
		1410F3BD1EE9EF8600F37AC8 /* WebServiceController.h */ = {isa = PBXFileReference; fileEncoding = 4; lastKnownFileType = sourcecode.c.h; path = WebServiceController.h; sourceTree = "<group>"; };
		1410F3BE1EE9EF8600F37AC8 /* WebServiceController.swift */ = {isa = PBXFileReference; fileEncoding = 4; lastKnownFileType = sourcecode.swift; path = WebServiceController.swift; sourceTree = "<group>"; };
		1410F3BF1EE9EF8600F37AC8 /* WebServiceError.swift */ = {isa = PBXFileReference; fileEncoding = 4; lastKnownFileType = sourcecode.swift; path = WebServiceError.swift; sourceTree = "<group>"; };
		1410F3C11EE9EF8600F37AC8 /* Info.plist */ = {isa = PBXFileReference; fileEncoding = 4; lastKnownFileType = text.plist.xml; path = Info.plist; sourceTree = "<group>"; };
		1410F3C31EE9EF8600F37AC8 /* MockJSONHandler.swift */ = {isa = PBXFileReference; fileEncoding = 4; lastKnownFileType = sourcecode.swift; path = MockJSONHandler.swift; sourceTree = "<group>"; };
		1410F3C41EE9EF8600F37AC8 /* MockJSONSerialization.swift */ = {isa = PBXFileReference; fileEncoding = 4; lastKnownFileType = sourcecode.swift; path = MockJSONSerialization.swift; sourceTree = "<group>"; };
		1410F3C51EE9EF8600F37AC8 /* MockRequester.swift */ = {isa = PBXFileReference; fileEncoding = 4; lastKnownFileType = sourcecode.swift; path = MockRequester.swift; sourceTree = "<group>"; };
		1410F3C61EE9EF8600F37AC8 /* MockSession.swift */ = {isa = PBXFileReference; fileEncoding = 4; lastKnownFileType = sourcecode.swift; path = MockSession.swift; sourceTree = "<group>"; };
		1410F3C71EE9EF8600F37AC8 /* MockURLConstructor.swift */ = {isa = PBXFileReference; fileEncoding = 4; lastKnownFileType = sourcecode.swift; path = MockURLConstructor.swift; sourceTree = "<group>"; };
		1410F3C81EE9EF8600F37AC8 /* testimage.png */ = {isa = PBXFileReference; lastKnownFileType = image.png; path = testimage.png; sourceTree = "<group>"; };
		1410F3CA1EE9EF8600F37AC8 /* JSONHandlerSpec.swift */ = {isa = PBXFileReference; fileEncoding = 4; lastKnownFileType = sourcecode.swift; path = JSONHandlerSpec.swift; sourceTree = "<group>"; };
		1410F3CB1EE9EF8600F37AC8 /* RequestControllerSpec.swift */ = {isa = PBXFileReference; fileEncoding = 4; lastKnownFileType = sourcecode.swift; path = RequestControllerSpec.swift; sourceTree = "<group>"; };
		1410F3CC1EE9EF8600F37AC8 /* URLConstructorSpec.swift */ = {isa = PBXFileReference; fileEncoding = 4; lastKnownFileType = sourcecode.swift; path = URLConstructorSpec.swift; sourceTree = "<group>"; };
		1410F3CD1EE9EF8600F37AC8 /* WebServiceControllerSpec.swift */ = {isa = PBXFileReference; fileEncoding = 4; lastKnownFileType = sourcecode.swift; path = WebServiceControllerSpec.swift; sourceTree = "<group>"; };
		1410F3CE1EE9EF8600F37AC8 /* WebServiceErrorSpec.swift */ = {isa = PBXFileReference; fileEncoding = 4; lastKnownFileType = sourcecode.swift; path = WebServiceErrorSpec.swift; sourceTree = "<group>"; };
		142EDA641EFD8F1300585859 /* RequestConfiguration.swift */ = {isa = PBXFileReference; fileEncoding = 4; lastKnownFileType = sourcecode.swift; path = RequestConfiguration.swift; sourceTree = "<group>"; };
		142EDA681EFDCCAE00585859 /* Dictionary.swift */ = {isa = PBXFileReference; fileEncoding = 4; lastKnownFileType = sourcecode.swift; path = Dictionary.swift; sourceTree = "<group>"; };
		142EDA6A1EFDCD9400585859 /* Dictionary.swift */ = {isa = PBXFileReference; fileEncoding = 4; lastKnownFileType = sourcecode.swift; path = Dictionary.swift; sourceTree = "<group>"; };
		147FBB2B1EE6482000D2441D /* SKWebServiceController.framework */ = {isa = PBXFileReference; explicitFileType = wrapper.framework; includeInIndex = 0; path = SKWebServiceController.framework; sourceTree = BUILT_PRODUCTS_DIR; };
		147FBB341EE6482000D2441D /* SKWebServiceControllerTests.xctest */ = {isa = PBXFileReference; explicitFileType = wrapper.cfbundle; includeInIndex = 0; path = SKWebServiceControllerTests.xctest; sourceTree = BUILT_PRODUCTS_DIR; };
		2532553274957FA118AFD4C6 /* Pods_SKWebServiceControllerTests.framework */ = {isa = PBXFileReference; explicitFileType = wrapper.framework; includeInIndex = 0; path = Pods_SKWebServiceControllerTests.framework; sourceTree = BUILT_PRODUCTS_DIR; };
		2D726AC5538B76873923D2DB /* Pods_SKWebServiceController.framework */ = {isa = PBXFileReference; explicitFileType = wrapper.framework; includeInIndex = 0; path = Pods_SKWebServiceController.framework; sourceTree = BUILT_PRODUCTS_DIR; };
		6E4CD9426C29FF302AEF4CC5 /* Pods-SKWebServiceControllerTests.debug.xcconfig */ = {isa = PBXFileReference; includeInIndex = 1; lastKnownFileType = text.xcconfig; name = "Pods-SKWebServiceControllerTests.debug.xcconfig"; path = "Pods/Target Support Files/Pods-SKWebServiceControllerTests/Pods-SKWebServiceControllerTests.debug.xcconfig"; sourceTree = "<group>"; };
		7BB7433E3EB7FB81B6D8BDD9 /* Pods_WebServiceControllerTests.framework */ = {isa = PBXFileReference; explicitFileType = wrapper.framework; includeInIndex = 0; path = Pods_WebServiceControllerTests.framework; sourceTree = BUILT_PRODUCTS_DIR; };
		B1B81F0931889406D4335F99 /* Pods-SKWebServiceController.release.xcconfig */ = {isa = PBXFileReference; includeInIndex = 1; lastKnownFileType = text.xcconfig; name = "Pods-SKWebServiceController.release.xcconfig"; path = "Pods/Target Support Files/Pods-SKWebServiceController/Pods-SKWebServiceController.release.xcconfig"; sourceTree = "<group>"; };
		B3A2A40EC291B50D1D2584CC /* Pods-SKWebServiceControllerTests.release.xcconfig */ = {isa = PBXFileReference; includeInIndex = 1; lastKnownFileType = text.xcconfig; name = "Pods-SKWebServiceControllerTests.release.xcconfig"; path = "Pods/Target Support Files/Pods-SKWebServiceControllerTests/Pods-SKWebServiceControllerTests.release.xcconfig"; sourceTree = "<group>"; };
		CEEE1F353BF5E0500133BE6B /* Pods_WebServiceController.framework */ = {isa = PBXFileReference; explicitFileType = wrapper.framework; includeInIndex = 0; path = Pods_WebServiceController.framework; sourceTree = BUILT_PRODUCTS_DIR; };
		D7B120D0F1D37F6D7C9D1A0E /* Pods-SKWebServiceController.debug.xcconfig */ = {isa = PBXFileReference; includeInIndex = 1; lastKnownFileType = text.xcconfig; name = "Pods-SKWebServiceController.debug.xcconfig"; path = "Pods/Target Support Files/Pods-SKWebServiceController/Pods-SKWebServiceController.debug.xcconfig"; sourceTree = "<group>"; };
/* End PBXFileReference section */

/* Begin PBXFrameworksBuildPhase section */
		147FBB271EE6482000D2441D /* Frameworks */ = {
			isa = PBXFrameworksBuildPhase;
			buildActionMask = 2147483647;
			files = (
				169AAD7EA4581B72CCE53CC2 /* Pods_SKWebServiceController.framework in Frameworks */,
			);
			runOnlyForDeploymentPostprocessing = 0;
		};
		147FBB311EE6482000D2441D /* Frameworks */ = {
			isa = PBXFrameworksBuildPhase;
			buildActionMask = 2147483647;
			files = (
				147FBB351EE6482000D2441D /* SKWebServiceController.framework in Frameworks */,
				B14C656EB21170FA611441D6 /* Pods_SKWebServiceControllerTests.framework in Frameworks */,
			);
			runOnlyForDeploymentPostprocessing = 0;
		};
/* End PBXFrameworksBuildPhase section */

/* Begin PBXGroup section */
		1410F3B81EE9EF8600F37AC8 /* Source */ = {
			isa = PBXGroup;
			children = (
				142EDA681EFDCCAE00585859 /* Dictionary.swift */,
				1410F3B91EE9EF8600F37AC8 /* Info.plist */,
				1410F3BA1EE9EF8600F37AC8 /* JSONHandler.swift */,
				142EDA641EFD8F1300585859 /* RequestConfiguration.swift */,
				1410F3BB1EE9EF8600F37AC8 /* RequestController.swift */,
				1410F3BC1EE9EF8600F37AC8 /* URLConstructor.swift */,
				1410F3BD1EE9EF8600F37AC8 /* WebServiceController.h */,
				1410F3BE1EE9EF8600F37AC8 /* WebServiceController.swift */,
				1410F3BF1EE9EF8600F37AC8 /* WebServiceError.swift */,
			);
			path = Source;
			sourceTree = "<group>";
		};
		1410F3C01EE9EF8600F37AC8 /* Tests */ = {
			isa = PBXGroup;
			children = (
				1410F3C11EE9EF8600F37AC8 /* Info.plist */,
				1410F3C21EE9EF8600F37AC8 /* Mocks */,
				1410F3C91EE9EF8600F37AC8 /* WebServiceController */,
			);
			path = Tests;
			sourceTree = "<group>";
		};
		1410F3C21EE9EF8600F37AC8 /* Mocks */ = {
			isa = PBXGroup;
			children = (
				1410F3C31EE9EF8600F37AC8 /* MockJSONHandler.swift */,
				1410F3C41EE9EF8600F37AC8 /* MockJSONSerialization.swift */,
				1410F3C51EE9EF8600F37AC8 /* MockRequester.swift */,
				1410F3C61EE9EF8600F37AC8 /* MockSession.swift */,
				1410F3C71EE9EF8600F37AC8 /* MockURLConstructor.swift */,
				1410F3C81EE9EF8600F37AC8 /* testimage.png */,
			);
			path = Mocks;
			sourceTree = "<group>";
		};
		1410F3C91EE9EF8600F37AC8 /* WebServiceController */ = {
			isa = PBXGroup;
			children = (
				142EDA6A1EFDCD9400585859 /* Dictionary.swift */,
				1410F3CA1EE9EF8600F37AC8 /* JSONHandlerSpec.swift */,
				1410F3CB1EE9EF8600F37AC8 /* RequestControllerSpec.swift */,
				1410F3CC1EE9EF8600F37AC8 /* URLConstructorSpec.swift */,
				1410F3CD1EE9EF8600F37AC8 /* WebServiceControllerSpec.swift */,
				1410F3CE1EE9EF8600F37AC8 /* WebServiceErrorSpec.swift */,
			);
			path = WebServiceController;
			sourceTree = "<group>";
		};
		147FBB211EE6482000D2441D = {
			isa = PBXGroup;
			children = (
				1410F3B81EE9EF8600F37AC8 /* Source */,
				1410F3C01EE9EF8600F37AC8 /* Tests */,
				147FBB2C1EE6482000D2441D /* Products */,
				3743868EF4E53F29D6B810EC /* Frameworks */,
				F249FB2C67D08C3956084BDE /* Pods */,
			);
			sourceTree = "<group>";
		};
		147FBB2C1EE6482000D2441D /* Products */ = {
			isa = PBXGroup;
			children = (
				147FBB2B1EE6482000D2441D /* SKWebServiceController.framework */,
				147FBB341EE6482000D2441D /* SKWebServiceControllerTests.xctest */,
			);
			name = Products;
			sourceTree = "<group>";
		};
		3743868EF4E53F29D6B810EC /* Frameworks */ = {
			isa = PBXGroup;
			children = (
				7BB7433E3EB7FB81B6D8BDD9 /* Pods_WebServiceControllerTests.framework */,
				CEEE1F353BF5E0500133BE6B /* Pods_WebServiceController.framework */,
				2D726AC5538B76873923D2DB /* Pods_SKWebServiceController.framework */,
				2532553274957FA118AFD4C6 /* Pods_SKWebServiceControllerTests.framework */,
			);
			name = Frameworks;
			sourceTree = "<group>";
		};
		F249FB2C67D08C3956084BDE /* Pods */ = {
			isa = PBXGroup;
			children = (
				D7B120D0F1D37F6D7C9D1A0E /* Pods-SKWebServiceController.debug.xcconfig */,
				B1B81F0931889406D4335F99 /* Pods-SKWebServiceController.release.xcconfig */,
				6E4CD9426C29FF302AEF4CC5 /* Pods-SKWebServiceControllerTests.debug.xcconfig */,
				B3A2A40EC291B50D1D2584CC /* Pods-SKWebServiceControllerTests.release.xcconfig */,
			);
			name = Pods;
			sourceTree = "<group>";
		};
/* End PBXGroup section */

/* Begin PBXHeadersBuildPhase section */
		147FBB281EE6482000D2441D /* Headers */ = {
			isa = PBXHeadersBuildPhase;
			buildActionMask = 2147483647;
			files = (
				1410F3D31EE9EF8600F37AC8 /* WebServiceController.h in Headers */,
			);
			runOnlyForDeploymentPostprocessing = 0;
		};
/* End PBXHeadersBuildPhase section */

/* Begin PBXNativeTarget section */
		147FBB2A1EE6482000D2441D /* SKWebServiceController */ = {
			isa = PBXNativeTarget;
			buildConfigurationList = 147FBB3F1EE6482000D2441D /* Build configuration list for PBXNativeTarget "SKWebServiceController" */;
			buildPhases = (
				6AFFF945E640A6A3D57216FA /* [CP] Check Pods Manifest.lock */,
				147FBB261EE6482000D2441D /* Sources */,
				147FBB271EE6482000D2441D /* Frameworks */,
				147FBB281EE6482000D2441D /* Headers */,
				147FBB291EE6482000D2441D /* Resources */,
				B5D6CD8BEE57DDA22C88EB90 /* [CP] Copy Pods Resources */,
				1433BE2E1EE90460005D54B3 /* SwiftLint */,
			);
			buildRules = (
			);
			dependencies = (
			);
			name = SKWebServiceController;
			productName = WebServiceController;
			productReference = 147FBB2B1EE6482000D2441D /* SKWebServiceController.framework */;
			productType = "com.apple.product-type.framework";
		};
		147FBB331EE6482000D2441D /* SKWebServiceControllerTests */ = {
			isa = PBXNativeTarget;
			buildConfigurationList = 147FBB421EE6482000D2441D /* Build configuration list for PBXNativeTarget "SKWebServiceControllerTests" */;
			buildPhases = (
				A2CBAB7ED5ADB15632165A4B /* [CP] Check Pods Manifest.lock */,
				147FBB301EE6482000D2441D /* Sources */,
				147FBB311EE6482000D2441D /* Frameworks */,
				147FBB321EE6482000D2441D /* Resources */,
				B566BB63509BE95F4636FF94 /* [CP] Embed Pods Frameworks */,
				D87F7360F6613ABFE20E3329 /* [CP] Copy Pods Resources */,
			);
			buildRules = (
			);
			dependencies = (
				147FBB371EE6482000D2441D /* PBXTargetDependency */,
			);
			name = SKWebServiceControllerTests;
			productName = WebServiceControllerTests;
			productReference = 147FBB341EE6482000D2441D /* SKWebServiceControllerTests.xctest */;
			productType = "com.apple.product-type.bundle.unit-test";
		};
/* End PBXNativeTarget section */

/* Begin PBXProject section */
		147FBB221EE6482000D2441D /* Project object */ = {
			isa = PBXProject;
			attributes = {
				LastSwiftUpdateCheck = 0830;
				LastUpgradeCheck = 0830;
				ORGANIZATIONNAME = "Sean Kladek";
				TargetAttributes = {
					147FBB2A1EE6482000D2441D = {
						CreatedOnToolsVersion = 8.3.2;
						DevelopmentTeam = MV978XDK83;
						ProvisioningStyle = Automatic;
					};
					147FBB331EE6482000D2441D = {
						CreatedOnToolsVersion = 8.3.2;
						DevelopmentTeam = MV978XDK83;
						ProvisioningStyle = Automatic;
					};
				};
			};
			buildConfigurationList = 147FBB251EE6482000D2441D /* Build configuration list for PBXProject "SKWebServiceController" */;
			compatibilityVersion = "Xcode 3.2";
			developmentRegion = English;
			hasScannedForEncodings = 0;
			knownRegions = (
				en,
			);
			mainGroup = 147FBB211EE6482000D2441D;
			productRefGroup = 147FBB2C1EE6482000D2441D /* Products */;
			projectDirPath = "";
			projectRoot = "";
			targets = (
				147FBB2A1EE6482000D2441D /* SKWebServiceController */,
				147FBB331EE6482000D2441D /* SKWebServiceControllerTests */,
			);
		};
/* End PBXProject section */

/* Begin PBXResourcesBuildPhase section */
		147FBB291EE6482000D2441D /* Resources */ = {
			isa = PBXResourcesBuildPhase;
			buildActionMask = 2147483647;
			files = (
			);
			runOnlyForDeploymentPostprocessing = 0;
		};
		147FBB321EE6482000D2441D /* Resources */ = {
			isa = PBXResourcesBuildPhase;
			buildActionMask = 2147483647;
			files = (
				1410F3E71EE9EF8D00F37AC8 /* testimage.png in Resources */,
			);
			runOnlyForDeploymentPostprocessing = 0;
		};
/* End PBXResourcesBuildPhase section */

/* Begin PBXShellScriptBuildPhase section */
		1433BE2E1EE90460005D54B3 /* SwiftLint */ = {
			isa = PBXShellScriptBuildPhase;
			buildActionMask = 2147483647;
			files = (
			);
			inputPaths = (
			);
			name = SwiftLint;
			outputPaths = (
			);
			runOnlyForDeploymentPostprocessing = 0;
			shellPath = /bin/sh;
			shellScript = "${PODS_ROOT}/SwiftLint/swiftlint";
		};
		6AFFF945E640A6A3D57216FA /* [CP] Check Pods Manifest.lock */ = {
			isa = PBXShellScriptBuildPhase;
			buildActionMask = 2147483647;
			files = (
			);
			inputPaths = (
			);
			name = "[CP] Check Pods Manifest.lock";
			outputPaths = (
			);
			runOnlyForDeploymentPostprocessing = 0;
			shellPath = /bin/sh;
			shellScript = "diff \"${PODS_PODFILE_DIR_PATH}/Podfile.lock\" \"${PODS_ROOT}/Manifest.lock\" > /dev/null\nif [ $? != 0 ] ; then\n    # print error to STDERR\n    echo \"error: The sandbox is not in sync with the Podfile.lock. Run 'pod install' or update your CocoaPods installation.\" >&2\n    exit 1\nfi\n";
			showEnvVarsInLog = 0;
		};
		A2CBAB7ED5ADB15632165A4B /* [CP] Check Pods Manifest.lock */ = {
			isa = PBXShellScriptBuildPhase;
			buildActionMask = 2147483647;
			files = (
			);
			inputPaths = (
			);
			name = "[CP] Check Pods Manifest.lock";
			outputPaths = (
			);
			runOnlyForDeploymentPostprocessing = 0;
			shellPath = /bin/sh;
			shellScript = "diff \"${PODS_PODFILE_DIR_PATH}/Podfile.lock\" \"${PODS_ROOT}/Manifest.lock\" > /dev/null\nif [ $? != 0 ] ; then\n    # print error to STDERR\n    echo \"error: The sandbox is not in sync with the Podfile.lock. Run 'pod install' or update your CocoaPods installation.\" >&2\n    exit 1\nfi\n";
			showEnvVarsInLog = 0;
		};
		B566BB63509BE95F4636FF94 /* [CP] Embed Pods Frameworks */ = {
			isa = PBXShellScriptBuildPhase;
			buildActionMask = 2147483647;
			files = (
			);
			inputPaths = (
			);
			name = "[CP] Embed Pods Frameworks";
			outputPaths = (
			);
			runOnlyForDeploymentPostprocessing = 0;
			shellPath = /bin/sh;
			shellScript = "\"${SRCROOT}/Pods/Target Support Files/Pods-SKWebServiceControllerTests/Pods-SKWebServiceControllerTests-frameworks.sh\"\n";
			showEnvVarsInLog = 0;
		};
		B5D6CD8BEE57DDA22C88EB90 /* [CP] Copy Pods Resources */ = {
			isa = PBXShellScriptBuildPhase;
			buildActionMask = 2147483647;
			files = (
			);
			inputPaths = (
			);
			name = "[CP] Copy Pods Resources";
			outputPaths = (
			);
			runOnlyForDeploymentPostprocessing = 0;
			shellPath = /bin/sh;
			shellScript = "\"${SRCROOT}/Pods/Target Support Files/Pods-SKWebServiceController/Pods-SKWebServiceController-resources.sh\"\n";
			showEnvVarsInLog = 0;
		};
		D87F7360F6613ABFE20E3329 /* [CP] Copy Pods Resources */ = {
			isa = PBXShellScriptBuildPhase;
			buildActionMask = 2147483647;
			files = (
			);
			inputPaths = (
			);
			name = "[CP] Copy Pods Resources";
			outputPaths = (
			);
			runOnlyForDeploymentPostprocessing = 0;
			shellPath = /bin/sh;
			shellScript = "\"${SRCROOT}/Pods/Target Support Files/Pods-SKWebServiceControllerTests/Pods-SKWebServiceControllerTests-resources.sh\"\n";
			showEnvVarsInLog = 0;
		};
/* End PBXShellScriptBuildPhase section */

/* Begin PBXSourcesBuildPhase section */
		147FBB261EE6482000D2441D /* Sources */ = {
			isa = PBXSourcesBuildPhase;
			buildActionMask = 2147483647;
			files = (
				142EDA651EFD8F1300585859 /* RequestConfiguration.swift in Sources */,
				1410F3D51EE9EF8600F37AC8 /* WebServiceError.swift in Sources */,
				1410F3D41EE9EF8600F37AC8 /* WebServiceController.swift in Sources */,
				1410F3D21EE9EF8600F37AC8 /* URLConstructor.swift in Sources */,
				142EDA691EFDCCAE00585859 /* Dictionary.swift in Sources */,
				1410F3D11EE9EF8600F37AC8 /* RequestController.swift in Sources */,
				1410F3D01EE9EF8600F37AC8 /* JSONHandler.swift in Sources */,
			);
			runOnlyForDeploymentPostprocessing = 0;
		};
		147FBB301EE6482000D2441D /* Sources */ = {
			isa = PBXSourcesBuildPhase;
			buildActionMask = 2147483647;
			files = (
				1410F3EC1EE9EF9300F37AC8 /* WebServiceErrorSpec.swift in Sources */,
				1410F3EB1EE9EF9300F37AC8 /* WebServiceControllerSpec.swift in Sources */,
				1410F3E31EE9EF8D00F37AC8 /* MockJSONSerialization.swift in Sources */,
				1410F3E21EE9EF8D00F37AC8 /* MockJSONHandler.swift in Sources */,
				142EDA6B1EFDCD9400585859 /* Dictionary.swift in Sources */,
				1410F3E51EE9EF8D00F37AC8 /* MockSession.swift in Sources */,
				1410F3E91EE9EF9300F37AC8 /* RequestControllerSpec.swift in Sources */,
				1410F3E81EE9EF9300F37AC8 /* JSONHandlerSpec.swift in Sources */,
				1410F3E41EE9EF8D00F37AC8 /* MockRequester.swift in Sources */,
				1410F3E61EE9EF8D00F37AC8 /* MockURLConstructor.swift in Sources */,
				1410F3EA1EE9EF9300F37AC8 /* URLConstructorSpec.swift in Sources */,
			);
			runOnlyForDeploymentPostprocessing = 0;
		};
/* End PBXSourcesBuildPhase section */

/* Begin PBXTargetDependency section */
		147FBB371EE6482000D2441D /* PBXTargetDependency */ = {
			isa = PBXTargetDependency;
			target = 147FBB2A1EE6482000D2441D /* SKWebServiceController */;
			targetProxy = 147FBB361EE6482000D2441D /* PBXContainerItemProxy */;
		};
/* End PBXTargetDependency section */

/* Begin XCBuildConfiguration section */
		147FBB3D1EE6482000D2441D /* Debug */ = {
			isa = XCBuildConfiguration;
			buildSettings = {
				ALWAYS_SEARCH_USER_PATHS = NO;
				CLANG_ANALYZER_NONNULL = YES;
				CLANG_ANALYZER_NUMBER_OBJECT_CONVERSION = YES_AGGRESSIVE;
				CLANG_CXX_LANGUAGE_STANDARD = "gnu++0x";
				CLANG_CXX_LIBRARY = "libc++";
				CLANG_ENABLE_MODULES = YES;
				CLANG_ENABLE_OBJC_ARC = YES;
				CLANG_WARN_BOOL_CONVERSION = YES;
				CLANG_WARN_CONSTANT_CONVERSION = YES;
				CLANG_WARN_DIRECT_OBJC_ISA_USAGE = YES_ERROR;
				CLANG_WARN_DOCUMENTATION_COMMENTS = YES;
				CLANG_WARN_EMPTY_BODY = YES;
				CLANG_WARN_ENUM_CONVERSION = YES;
				CLANG_WARN_INFINITE_RECURSION = YES;
				CLANG_WARN_INT_CONVERSION = YES;
				CLANG_WARN_OBJC_ROOT_CLASS = YES_ERROR;
				CLANG_WARN_SUSPICIOUS_MOVE = YES;
				CLANG_WARN_UNREACHABLE_CODE = YES;
				CLANG_WARN__DUPLICATE_METHOD_MATCH = YES;
				"CODE_SIGN_IDENTITY[sdk=iphoneos*]" = "iPhone Developer";
				COPY_PHASE_STRIP = NO;
				CURRENT_PROJECT_VERSION = 1;
				DEBUG_INFORMATION_FORMAT = dwarf;
				ENABLE_STRICT_OBJC_MSGSEND = YES;
				ENABLE_TESTABILITY = YES;
				GCC_C_LANGUAGE_STANDARD = gnu99;
				GCC_DYNAMIC_NO_PIC = NO;
				GCC_NO_COMMON_BLOCKS = YES;
				GCC_OPTIMIZATION_LEVEL = 0;
				GCC_PREPROCESSOR_DEFINITIONS = (
					"DEBUG=1",
					"$(inherited)",
				);
				GCC_WARN_64_TO_32_BIT_CONVERSION = YES;
				GCC_WARN_ABOUT_RETURN_TYPE = YES_ERROR;
				GCC_WARN_UNDECLARED_SELECTOR = YES;
				GCC_WARN_UNINITIALIZED_AUTOS = YES_AGGRESSIVE;
				GCC_WARN_UNUSED_FUNCTION = YES;
				GCC_WARN_UNUSED_VARIABLE = YES;
				IPHONEOS_DEPLOYMENT_TARGET = 10.3;
				MTL_ENABLE_DEBUG_INFO = YES;
				ONLY_ACTIVE_ARCH = YES;
				SDKROOT = iphoneos;
				SWIFT_ACTIVE_COMPILATION_CONDITIONS = DEBUG;
				SWIFT_OPTIMIZATION_LEVEL = "-Onone";
				TARGETED_DEVICE_FAMILY = "1,2";
				VERSIONING_SYSTEM = "apple-generic";
				VERSION_INFO_PREFIX = "";
			};
			name = Debug;
		};
		147FBB3E1EE6482000D2441D /* Release */ = {
			isa = XCBuildConfiguration;
			buildSettings = {
				ALWAYS_SEARCH_USER_PATHS = NO;
				CLANG_ANALYZER_NONNULL = YES;
				CLANG_ANALYZER_NUMBER_OBJECT_CONVERSION = YES_AGGRESSIVE;
				CLANG_CXX_LANGUAGE_STANDARD = "gnu++0x";
				CLANG_CXX_LIBRARY = "libc++";
				CLANG_ENABLE_MODULES = YES;
				CLANG_ENABLE_OBJC_ARC = YES;
				CLANG_WARN_BOOL_CONVERSION = YES;
				CLANG_WARN_CONSTANT_CONVERSION = YES;
				CLANG_WARN_DIRECT_OBJC_ISA_USAGE = YES_ERROR;
				CLANG_WARN_DOCUMENTATION_COMMENTS = YES;
				CLANG_WARN_EMPTY_BODY = YES;
				CLANG_WARN_ENUM_CONVERSION = YES;
				CLANG_WARN_INFINITE_RECURSION = YES;
				CLANG_WARN_INT_CONVERSION = YES;
				CLANG_WARN_OBJC_ROOT_CLASS = YES_ERROR;
				CLANG_WARN_SUSPICIOUS_MOVE = YES;
				CLANG_WARN_UNREACHABLE_CODE = YES;
				CLANG_WARN__DUPLICATE_METHOD_MATCH = YES;
				"CODE_SIGN_IDENTITY[sdk=iphoneos*]" = "iPhone Developer";
				COPY_PHASE_STRIP = NO;
				CURRENT_PROJECT_VERSION = 1;
				DEBUG_INFORMATION_FORMAT = "dwarf-with-dsym";
				ENABLE_NS_ASSERTIONS = NO;
				ENABLE_STRICT_OBJC_MSGSEND = YES;
				GCC_C_LANGUAGE_STANDARD = gnu99;
				GCC_NO_COMMON_BLOCKS = YES;
				GCC_WARN_64_TO_32_BIT_CONVERSION = YES;
				GCC_WARN_ABOUT_RETURN_TYPE = YES_ERROR;
				GCC_WARN_UNDECLARED_SELECTOR = YES;
				GCC_WARN_UNINITIALIZED_AUTOS = YES_AGGRESSIVE;
				GCC_WARN_UNUSED_FUNCTION = YES;
				GCC_WARN_UNUSED_VARIABLE = YES;
				IPHONEOS_DEPLOYMENT_TARGET = 10.3;
				MTL_ENABLE_DEBUG_INFO = NO;
				SDKROOT = iphoneos;
				SWIFT_OPTIMIZATION_LEVEL = "-Owholemodule";
				TARGETED_DEVICE_FAMILY = "1,2";
				VALIDATE_PRODUCT = YES;
				VERSIONING_SYSTEM = "apple-generic";
				VERSION_INFO_PREFIX = "";
			};
			name = Release;
		};
		147FBB401EE6482000D2441D /* Debug */ = {
			isa = XCBuildConfiguration;
			baseConfigurationReference = D7B120D0F1D37F6D7C9D1A0E /* Pods-SKWebServiceController.debug.xcconfig */;
			buildSettings = {
				CODE_SIGN_IDENTITY = "";
				DEFINES_MODULE = YES;
				DEVELOPMENT_TEAM = MV978XDK83;
				DYLIB_COMPATIBILITY_VERSION = 1;
				DYLIB_CURRENT_VERSION = 1;
				DYLIB_INSTALL_NAME_BASE = "@rpath";
				INFOPLIST_FILE = "$(SRCROOT)/Source/Info.plist";
				INSTALL_PATH = "$(LOCAL_LIBRARY_DIR)/Frameworks";
				IPHONEOS_DEPLOYMENT_TARGET = 9.0;
				LD_RUNPATH_SEARCH_PATHS = "$(inherited) @executable_path/Frameworks @loader_path/Frameworks";
				PRODUCT_BUNDLE_IDENTIFIER = com.skladek.SKWebServiceController;
				PRODUCT_NAME = "$(TARGET_NAME)";
				SKIP_INSTALL = YES;
				SWIFT_VERSION = 3.0;
			};
			name = Debug;
		};
		147FBB411EE6482000D2441D /* Release */ = {
			isa = XCBuildConfiguration;
			baseConfigurationReference = B1B81F0931889406D4335F99 /* Pods-SKWebServiceController.release.xcconfig */;
			buildSettings = {
				CODE_SIGN_IDENTITY = "";
				DEFINES_MODULE = YES;
				DEVELOPMENT_TEAM = MV978XDK83;
				DYLIB_COMPATIBILITY_VERSION = 1;
				DYLIB_CURRENT_VERSION = 1;
				DYLIB_INSTALL_NAME_BASE = "@rpath";
				INFOPLIST_FILE = "$(SRCROOT)/Source/Info.plist";
				INSTALL_PATH = "$(LOCAL_LIBRARY_DIR)/Frameworks";
				IPHONEOS_DEPLOYMENT_TARGET = 9.0;
				LD_RUNPATH_SEARCH_PATHS = "$(inherited) @executable_path/Frameworks @loader_path/Frameworks";
				PRODUCT_BUNDLE_IDENTIFIER = com.skladek.SKWebServiceController;
				PRODUCT_NAME = "$(TARGET_NAME)";
				SKIP_INSTALL = YES;
				SWIFT_VERSION = 3.0;
			};
			name = Release;
		};
		147FBB431EE6482000D2441D /* Debug */ = {
			isa = XCBuildConfiguration;
			baseConfigurationReference = 6E4CD9426C29FF302AEF4CC5 /* Pods-SKWebServiceControllerTests.debug.xcconfig */;
			buildSettings = {
				DEVELOPMENT_TEAM = MV978XDK83;
				INFOPLIST_FILE = Tests/Info.plist;
				LD_RUNPATH_SEARCH_PATHS = "$(inherited) @executable_path/Frameworks @loader_path/Frameworks";
				PRODUCT_BUNDLE_IDENTIFIER = com.skladek.WebServiceControllerTests;
				PRODUCT_NAME = "$(TARGET_NAME)";
				SWIFT_VERSION = 3.0;
			};
			name = Debug;
		};
		147FBB441EE6482000D2441D /* Release */ = {
			isa = XCBuildConfiguration;
			baseConfigurationReference = B3A2A40EC291B50D1D2584CC /* Pods-SKWebServiceControllerTests.release.xcconfig */;
			buildSettings = {
				DEVELOPMENT_TEAM = MV978XDK83;
				INFOPLIST_FILE = Tests/Info.plist;
				LD_RUNPATH_SEARCH_PATHS = "$(inherited) @executable_path/Frameworks @loader_path/Frameworks";
				PRODUCT_BUNDLE_IDENTIFIER = com.skladek.WebServiceControllerTests;
				PRODUCT_NAME = "$(TARGET_NAME)";
				SWIFT_VERSION = 3.0;
			};
			name = Release;
		};
/* End XCBuildConfiguration section */

/* Begin XCConfigurationList section */
		147FBB251EE6482000D2441D /* Build configuration list for PBXProject "SKWebServiceController" */ = {
			isa = XCConfigurationList;
			buildConfigurations = (
				147FBB3D1EE6482000D2441D /* Debug */,
				147FBB3E1EE6482000D2441D /* Release */,
			);
			defaultConfigurationIsVisible = 0;
			defaultConfigurationName = Release;
		};
		147FBB3F1EE6482000D2441D /* Build configuration list for PBXNativeTarget "SKWebServiceController" */ = {
			isa = XCConfigurationList;
			buildConfigurations = (
				147FBB401EE6482000D2441D /* Debug */,
				147FBB411EE6482000D2441D /* Release */,
			);
			defaultConfigurationIsVisible = 0;
			defaultConfigurationName = Release;
		};
		147FBB421EE6482000D2441D /* Build configuration list for PBXNativeTarget "SKWebServiceControllerTests" */ = {
			isa = XCConfigurationList;
			buildConfigurations = (
				147FBB431EE6482000D2441D /* Debug */,
				147FBB441EE6482000D2441D /* Release */,
			);
			defaultConfigurationIsVisible = 0;
			defaultConfigurationName = Release;
		};
/* End XCConfigurationList section */
	};
	rootObject = 147FBB221EE6482000D2441D /* Project object */;
}
